
Microsoft Visual Studio Solution File, Format Version 12.00
# Visual Studio 15
VisualStudioVersion = 15.0.27130.2036
MinimumVisualStudioVersion = 10.0.40219.1
Project("{FAE04EC0-301F-11D3-BF4B-00C04F79EFBC}") = "PikeGrains", "PikeGrains\PikeGrains.csproj", "{ADAB6E6D-5FA7-4326-8E37-F30617E8590C}"
EndProject
Project("{FAE04EC0-301F-11D3-BF4B-00C04F79EFBC}") = "PikeGrainInterfaces", "PikeGrainInterfaces\PikeGrainInterfaces.csproj", "{80C0EA6C-5C5A-43E4-874E-3F1DBD6A3ADA}"
EndProject
Global
	GlobalSection(SolutionConfigurationPlatforms) = preSolution
		Debug|Any CPU = Debug|Any CPU
		Release|Any CPU = Release|Any CPU
	EndGlobalSection
	GlobalSection(ProjectConfigurationPlatforms) = postSolution
		{ADAB6E6D-5FA7-4326-8E37-F30617E8590C}.Debug|Any CPU.ActiveCfg = Debug|Any CPU
		{ADAB6E6D-5FA7-4326-8E37-F30617E8590C}.Debug|Any CPU.Build.0 = Debug|Any CPU
		{ADAB6E6D-5FA7-4326-8E37-F30617E8590C}.Release|Any CPU.ActiveCfg = Release|Any CPU
		{ADAB6E6D-5FA7-4326-8E37-F30617E8590C}.Release|Any CPU.Build.0 = Release|Any CPU
		{80C0EA6C-5C5A-43E4-874E-3F1DBD6A3ADA}.Debug|Any CPU.ActiveCfg = Debug|Any CPU
		{80C0EA6C-5C5A-43E4-874E-3F1DBD6A3ADA}.Debug|Any CPU.Build.0 = Debug|Any CPU
		{80C0EA6C-5C5A-43E4-874E-3F1DBD6A3ADA}.Release|Any CPU.ActiveCfg = Release|Any CPU
		{80C0EA6C-5C5A-43E4-874E-3F1DBD6A3ADA}.Release|Any CPU.Build.0 = Release|Any CPU
	EndGlobalSection
	GlobalSection(SolutionProperties) = preSolution
		HideSolutionNode = FALSE
	EndGlobalSection
	GlobalSection(ExtensibilityGlobals) = postSolution
		SolutionGuid = {A1959A38-F976-4447-9E64-27C18931BD0E}
	EndGlobalSection
EndGlobal
